// !$*UTF8*$!
{
	archiveVersion = 1;
	classes = {
	};
	objectVersion = 46;
	objects = {

/* Begin PBXBuildFile section */
		5D77255C1AF8BC6400634F6E /* main.m in Sources */ = {isa = PBXBuildFile; fileRef = 5D77255B1AF8BC6400634F6E /* main.m */; };
		5D77255F1AF8BC6400634F6E /* AppDelegate.m in Sources */ = {isa = PBXBuildFile; fileRef = 5D77255E1AF8BC6400634F6E /* AppDelegate.m */; };
		5D7725621AF8BC6400634F6E /* ViewController.m in Sources */ = {isa = PBXBuildFile; fileRef = 5D7725611AF8BC6400634F6E /* ViewController.m */; };
		5D7725651AF8BC6400634F6E /* Main.storyboard in Resources */ = {isa = PBXBuildFile; fileRef = 5D7725631AF8BC6400634F6E /* Main.storyboard */; };
		5D7725671AF8BC6400634F6E /* Images.xcassets in Resources */ = {isa = PBXBuildFile; fileRef = 5D7725661AF8BC6400634F6E /* Images.xcassets */; };
		5D77256A1AF8BC6400634F6E /* LaunchScreen.xib in Resources */ = {isa = PBXBuildFile; fileRef = 5D7725681AF8BC6400634F6E /* LaunchScreen.xib */; };
		5D7725761AF8BC6400634F6E /* DeepIntoMemoryTests.m in Sources */ = {isa = PBXBuildFile; fileRef = 5D7725751AF8BC6400634F6E /* DeepIntoMemoryTests.m */; };
		5D7725871AF8BC9700634F6E /* ArcObject.m in Sources */ = {isa = PBXBuildFile; fileRef = 5D7725811AF8BC9700634F6E /* ArcObject.m */; };
		5D7725881AF8BC9700634F6E /* Helper.c in Sources */ = {isa = PBXBuildFile; fileRef = 5D7725821AF8BC9700634F6E /* Helper.c */; };
		5D7725891AF8BC9700634F6E /* MrcObject.m in Sources */ = {isa = PBXBuildFile; fileRef = 5D7725851AF8BC9700634F6E /* MrcObject.m */; settings = {COMPILER_FLAGS = "-fno-objc-arc"; }; };
/* End PBXBuildFile section */

/* Begin PBXContainerItemProxy section */
		5D7725701AF8BC6400634F6E /* PBXContainerItemProxy */ = {
			isa = PBXContainerItemProxy;
			containerPortal = 5D77254E1AF8BC6400634F6E /* Project object */;
			proxyType = 1;
			remoteGlobalIDString = 5D7725551AF8BC6400634F6E;
			remoteInfo = DeepIntoMemory;
		};
/* End PBXContainerItemProxy section */

/* Begin PBXFileReference section */
		5D7725561AF8BC6400634F6E /* DeepIntoMemory.app */ = {isa = PBXFileReference; explicitFileType = wrapper.application; includeInIndex = 0; path = DeepIntoMemory.app; sourceTree = BUILT_PRODUCTS_DIR; };
		5D77255A1AF8BC6400634F6E /* Info.plist */ = {isa = PBXFileReference; lastKnownFileType = text.plist.xml; path = Info.plist; sourceTree = "<group>"; };
		5D77255B1AF8BC6400634F6E /* main.m */ = {isa = PBXFileReference; lastKnownFileType = sourcecode.c.objc; path = main.m; sourceTree = "<group>"; };
		5D77255D1AF8BC6400634F6E /* AppDelegate.h */ = {isa = PBXFileReference; lastKnownFileType = sourcecode.c.h; path = AppDelegate.h; sourceTree = "<group>"; };
		5D77255E1AF8BC6400634F6E /* AppDelegate.m */ = {isa = PBXFileReference; lastKnownFileType = sourcecode.c.objc; path = AppDelegate.m; sourceTree = "<group>"; };
		5D7725601AF8BC6400634F6E /* ViewController.h */ = {isa = PBXFileReference; lastKnownFileType = sourcecode.c.h; path = ViewController.h; sourceTree = "<group>"; };
		5D7725611AF8BC6400634F6E /* ViewController.m */ = {isa = PBXFileReference; lastKnownFileType = sourcecode.c.objc; path = ViewController.m; sourceTree = "<group>"; };
		5D7725641AF8BC6400634F6E /* Base */ = {isa = PBXFileReference; lastKnownFileType = file.storyboard; name = Base; path = Base.lproj/Main.storyboard; sourceTree = "<group>"; };
		5D7725661AF8BC6400634F6E /* Images.xcassets */ = {isa = PBXFileReference; lastKnownFileType = folder.assetcatalog; path = Images.xcassets; sourceTree = "<group>"; };
		5D7725691AF8BC6400634F6E /* Base */ = {isa = PBXFileReference; lastKnownFileType = file.xib; name = Base; path = Base.lproj/LaunchScreen.xib; sourceTree = "<group>"; };
		5D77256F1AF8BC6400634F6E /* DeepIntoMemoryTests.xctest */ = {isa = PBXFileReference; explicitFileType = wrapper.cfbundle; includeInIndex = 0; path = DeepIntoMemoryTests.xctest; sourceTree = BUILT_PRODUCTS_DIR; };
		5D7725741AF8BC6400634F6E /* Info.plist */ = {isa = PBXFileReference; lastKnownFileType = text.plist.xml; path = Info.plist; sourceTree = "<group>"; };
		5D7725751AF8BC6400634F6E /* DeepIntoMemoryTests.m */ = {isa = PBXFileReference; lastKnownFileType = sourcecode.c.objc; path = DeepIntoMemoryTests.m; sourceTree = "<group>"; };
		5D77257F1AF8BC9700634F6E /* Arc principle.md */ = {isa = PBXFileReference; fileEncoding = 4; lastKnownFileType = net.daringfireball.markdown; path = "Arc principle.md"; sourceTree = "<group>"; };
		5D7725801AF8BC9700634F6E /* ArcObject.h */ = {isa = PBXFileReference; fileEncoding = 4; lastKnownFileType = sourcecode.c.h; path = ArcObject.h; sourceTree = "<group>"; };
		5D7725811AF8BC9700634F6E /* ArcObject.m */ = {isa = PBXFileReference; fileEncoding = 4; lastKnownFileType = sourcecode.c.objc; path = ArcObject.m; sourceTree = "<group>"; };
		5D7725821AF8BC9700634F6E /* Helper.c */ = {isa = PBXFileReference; fileEncoding = 4; lastKnownFileType = sourcecode.c.c; path = Helper.c; sourceTree = "<group>"; };
		5D7725831AF8BC9700634F6E /* Helper.h */ = {isa = PBXFileReference; fileEncoding = 4; lastKnownFileType = sourcecode.c.h; path = Helper.h; sourceTree = "<group>"; };
		5D7725841AF8BC9700634F6E /* MrcObject.h */ = {isa = PBXFileReference; fileEncoding = 4; lastKnownFileType = sourcecode.c.h; path = MrcObject.h; sourceTree = "<group>"; };
		5D7725851AF8BC9700634F6E /* MrcObject.m */ = {isa = PBXFileReference; fileEncoding = 4; lastKnownFileType = sourcecode.c.objc; path = MrcObject.m; sourceTree = "<group>"; };
/* End PBXFileReference section */

/* Begin PBXFrameworksBuildPhase section */
		5D7725531AF8BC6400634F6E /* Frameworks */ = {
			isa = PBXFrameworksBuildPhase;
			buildActionMask = 2147483647;
			files = (
			);
			runOnlyForDeploymentPostprocessing = 0;
		};
		5D77256C1AF8BC6400634F6E /* Frameworks */ = {
			isa = PBXFrameworksBuildPhase;
			buildActionMask = 2147483647;
			files = (
			);
			runOnlyForDeploymentPostprocessing = 0;
		};
/* End PBXFrameworksBuildPhase section */

/* Begin PBXGroup section */
		5D77254D1AF8BC6400634F6E = {
			isa = PBXGroup;
			children = (
				5D7725581AF8BC6400634F6E /* DeepIntoMemory */,
				5D7725721AF8BC6400634F6E /* DeepIntoMemoryTests */,
				5D7725571AF8BC6400634F6E /* Products */,
			);
			sourceTree = "<group>";
		};
		5D7725571AF8BC6400634F6E /* Products */ = {
			isa = PBXGroup;
			children = (
				5D7725561AF8BC6400634F6E /* DeepIntoMemory.app */,
				5D77256F1AF8BC6400634F6E /* DeepIntoMemoryTests.xctest */,
			);
			name = Products;
			sourceTree = "<group>";
		};
		5D7725581AF8BC6400634F6E /* DeepIntoMemory */ = {
			isa = PBXGroup;
			children = (
				5D7725831AF8BC9700634F6E /* Helper.h */,
				5D7725821AF8BC9700634F6E /* Helper.c */,
				5D7725801AF8BC9700634F6E /* ArcObject.h */,
				5D7725811AF8BC9700634F6E /* ArcObject.m */,
				5D7725841AF8BC9700634F6E /* MrcObject.h */,
				5D7725851AF8BC9700634F6E /* MrcObject.m */,
				5D77255D1AF8BC6400634F6E /* AppDelegate.h */,
				5D77255E1AF8BC6400634F6E /* AppDelegate.m */,
				5D7725601AF8BC6400634F6E /* ViewController.h */,
				5D7725611AF8BC6400634F6E /* ViewController.m */,
				5D77257F1AF8BC9700634F6E /* Arc principle.md */,
				5D7725591AF8BC6400634F6E /* Supporting Files */,
			);
			path = DeepIntoMemory;
			sourceTree = "<group>";
		};
		5D7725591AF8BC6400634F6E /* Supporting Files */ = {
			isa = PBXGroup;
			children = (
				5D7725631AF8BC6400634F6E /* Main.storyboard */,
				5D7725661AF8BC6400634F6E /* Images.xcassets */,
				5D7725681AF8BC6400634F6E /* LaunchScreen.xib */,
				5D77255A1AF8BC6400634F6E /* Info.plist */,
				5D77255B1AF8BC6400634F6E /* main.m */,
			);
			name = "Supporting Files";
			sourceTree = "<group>";
		};
		5D7725721AF8BC6400634F6E /* DeepIntoMemoryTests */ = {
			isa = PBXGroup;
			children = (
				5D7725751AF8BC6400634F6E /* DeepIntoMemoryTests.m */,
				5D7725731AF8BC6400634F6E /* Supporting Files */,
			);
			path = DeepIntoMemoryTests;
			sourceTree = "<group>";
		};
		5D7725731AF8BC6400634F6E /* Supporting Files */ = {
			isa = PBXGroup;
			children = (
				5D7725741AF8BC6400634F6E /* Info.plist */,
			);
			name = "Supporting Files";
			sourceTree = "<group>";
		};
/* End PBXGroup section */

/* Begin PBXNativeTarget section */
		5D7725551AF8BC6400634F6E /* DeepIntoMemory */ = {
			isa = PBXNativeTarget;
			buildConfigurationList = 5D7725791AF8BC6400634F6E /* Build configuration list for PBXNativeTarget "DeepIntoMemory" */;
			buildPhases = (
				5D7725521AF8BC6400634F6E /* Sources */,
				5D7725531AF8BC6400634F6E /* Frameworks */,
				5D7725541AF8BC6400634F6E /* Resources */,
			);
			buildRules = (
			);
			dependencies = (
			);
			name = DeepIntoMemory;
			productName = DeepIntoMemory;
			productReference = 5D7725561AF8BC6400634F6E /* DeepIntoMemory.app */;
			productType = "com.apple.product-type.application";
		};
		5D77256E1AF8BC6400634F6E /* DeepIntoMemoryTests */ = {
			isa = PBXNativeTarget;
			buildConfigurationList = 5D77257C1AF8BC6400634F6E /* Build configuration list for PBXNativeTarget "DeepIntoMemoryTests" */;
			buildPhases = (
				5D77256B1AF8BC6400634F6E /* Sources */,
				5D77256C1AF8BC6400634F6E /* Frameworks */,
				5D77256D1AF8BC6400634F6E /* Resources */,
			);
			buildRules = (
			);
			dependencies = (
				5D7725711AF8BC6400634F6E /* PBXTargetDependency */,
			);
			name = DeepIntoMemoryTests;
			productName = DeepIntoMemoryTests;
			productReference = 5D77256F1AF8BC6400634F6E /* DeepIntoMemoryTests.xctest */;
			productType = "com.apple.product-type.bundle.unit-test";
		};
/* End PBXNativeTarget section */

/* Begin PBXProject section */
		5D77254E1AF8BC6400634F6E /* Project object */ = {
			isa = PBXProject;
			attributes = {
				LastUpgradeCheck = 0630;
				ORGANIZATIONNAME = ronglei;
				TargetAttributes = {
					5D7725551AF8BC6400634F6E = {
						CreatedOnToolsVersion = 6.3.1;
					};
					5D77256E1AF8BC6400634F6E = {
						CreatedOnToolsVersion = 6.3.1;
						TestTargetID = 5D7725551AF8BC6400634F6E;
					};
				};
			};
			buildConfigurationList = 5D7725511AF8BC6400634F6E /* Build configuration list for PBXProject "DeepIntoMemory" */;
			compatibilityVersion = "Xcode 3.2";
			developmentRegion = English;
			hasScannedForEncodings = 0;
			knownRegions = (
				en,
				Base,
			);
			mainGroup = 5D77254D1AF8BC6400634F6E;
			productRefGroup = 5D7725571AF8BC6400634F6E /* Products */;
			projectDirPath = "";
			projectRoot = "";
			targets = (
				5D7725551AF8BC6400634F6E /* DeepIntoMemory */,
				5D77256E1AF8BC6400634F6E /* DeepIntoMemoryTests */,
			);
		};
/* End PBXProject section */

/* Begin PBXResourcesBuildPhase section */
		5D7725541AF8BC6400634F6E /* Resources */ = {
			isa = PBXResourcesBuildPhase;
			buildActionMask = 2147483647;
			files = (
				5D7725651AF8BC6400634F6E /* Main.storyboard in Resources */,
				5D77256A1AF8BC6400634F6E /* LaunchScreen.xib in Resources */,
				5D7725671AF8BC6400634F6E /* Images.xcassets in Resources */,
			);
			runOnlyForDeploymentPostprocessing = 0;
		};
		5D77256D1AF8BC6400634F6E /* Resources */ = {
			isa = PBXResourcesBuildPhase;
			buildActionMask = 2147483647;
			files = (
			);
			runOnlyForDeploymentPostprocessing = 0;
		};
/* End PBXResourcesBuildPhase section */

/* Begin PBXSourcesBuildPhase section */
		5D7725521AF8BC6400634F6E /* Sources */ = {
			isa = PBXSourcesBuildPhase;
			buildActionMask = 2147483647;
			files = (
				5D7725621AF8BC6400634F6E /* ViewController.m in Sources */,
				5D7725881AF8BC9700634F6E /* Helper.c in Sources */,
				5D7725871AF8BC9700634F6E /* ArcObject.m in Sources */,
				5D77255F1AF8BC6400634F6E /* AppDelegate.m in Sources */,
				5D7725891AF8BC9700634F6E /* MrcObject.m in Sources */,
				5D77255C1AF8BC6400634F6E /* main.m in Sources */,
			);
			runOnlyForDeploymentPostprocessing = 0;
		};
		5D77256B1AF8BC6400634F6E /* Sources */ = {
			isa = PBXSourcesBuildPhase;
			buildActionMask = 2147483647;
			files = (
				5D7725761AF8BC6400634F6E /* DeepIntoMemoryTests.m in Sources */,
			);
			runOnlyForDeploymentPostprocessing = 0;
		};
/* End PBXSourcesBuildPhase section */

/* Begin PBXTargetDependency section */
		5D7725711AF8BC6400634F6E /* PBXTargetDependency */ = {
			isa = PBXTargetDependency;
			target = 5D7725551AF8BC6400634F6E /* DeepIntoMemory */;
			targetProxy = 5D7725701AF8BC6400634F6E /* PBXContainerItemProxy */;
		};
/* End PBXTargetDependency section */

/* Begin PBXVariantGroup section */
		5D7725631AF8BC6400634F6E /* Main.storyboard */ = {
			isa = PBXVariantGroup;
			children = (
				5D7725641AF8BC6400634F6E /* Base */,
			);
			name = Main.storyboard;
			sourceTree = "<group>";
		};
		5D7725681AF8BC6400634F6E /* LaunchScreen.xib */ = {
			isa = PBXVariantGroup;
			children = (
				5D7725691AF8BC6400634F6E /* Base */,
			);
			name = LaunchScreen.xib;
			sourceTree = "<group>";
		};
/* End PBXVariantGroup section */

/* Begin XCBuildConfiguration section */
		5D7725771AF8BC6400634F6E /* Debug */ = {
			isa = XCBuildConfiguration;
			buildSettings = {
				ALWAYS_SEARCH_USER_PATHS = NO;
				CLANG_CXX_LANGUAGE_STANDARD = "gnu++0x";
				CLANG_CXX_LIBRARY = "libc++";
				CLANG_ENABLE_MODULES = YES;
				CLANG_ENABLE_OBJC_ARC = YES;
				CLANG_WARN_BOOL_CONVERSION = YES;
				CLANG_WARN_CONSTANT_CONVERSION = YES;
				CLANG_WARN_DIRECT_OBJC_ISA_USAGE = YES_ERROR;
				CLANG_WARN_EMPTY_BODY = YES;
				CLANG_WARN_ENUM_CONVERSION = YES;
				CLANG_WARN_INT_CONVERSION = YES;
				CLANG_WARN_OBJC_ROOT_CLASS = YES_ERROR;
				CLANG_WARN_UNREACHABLE_CODE = YES;
				CLANG_WARN__DUPLICATE_METHOD_MATCH = YES;
				"CODE_SIGN_IDENTITY[sdk=iphoneos*]" = "iPhone Developer";
				COPY_PHASE_STRIP = NO;
				DEBUG_INFORMATION_FORMAT = "dwarf-with-dsym";
				ENABLE_STRICT_OBJC_MSGSEND = YES;
				GCC_C_LANGUAGE_STANDARD = gnu99;
				GCC_DYNAMIC_NO_PIC = NO;
				GCC_NO_COMMON_BLOCKS = YES;
				GCC_OPTIMIZATION_LEVEL = 0;
				GCC_PREPROCESSOR_DEFINITIONS = (
					"DEBUG=1",
					"$(inherited)",
				);
				GCC_SYMBOLS_PRIVATE_EXTERN = NO;
				GCC_WARN_64_TO_32_BIT_CONVERSION = YES;
				GCC_WARN_ABOUT_RETURN_TYPE = YES_ERROR;
				GCC_WARN_UNDECLARED_SELECTOR = YES;
				GCC_WARN_UNINITIALIZED_AUTOS = YES_AGGRESSIVE;
				GCC_WARN_UNUSED_FUNCTION = YES;
				GCC_WARN_UNUSED_VARIABLE = YES;
				IPHONEOS_DEPLOYMENT_TARGET = 8.3;
				MTL_ENABLE_DEBUG_INFO = YES;
				ONLY_ACTIVE_ARCH = YES;
				SDKROOT = iphoneos;
			};
			name = Debug;
		};
		5D7725781AF8BC6400634F6E /* Release */ = {
			isa = XCBuildConfiguration;
			buildSettings = {
				ALWAYS_SEARCH_USER_PATHS = NO;
				CLANG_CXX_LANGUAGE_STANDARD = "gnu++0x";
				CLANG_CXX_LIBRARY = "libc++";
				CLANG_ENABLE_MODULES = YES;
				CLANG_ENABLE_OBJC_ARC = YES;
				CLANG_WARN_BOOL_CONVERSION = YES;
				CLANG_WARN_CONSTANT_CONVERSION = YES;
				CLANG_WARN_DIRECT_OBJC_ISA_USAGE = YES_ERROR;
				CLANG_WARN_EMPTY_BODY = YES;
				CLANG_WARN_ENUM_CONVERSION = YES;
				CLANG_WARN_INT_CONVERSION = YES;
				CLANG_WARN_OBJC_ROOT_CLASS = YES_ERROR;
				CLANG_WARN_UNREACHABLE_CODE = YES;
				CLANG_WARN__DUPLICATE_METHOD_MATCH = YES;
				"CODE_SIGN_IDENTITY[sdk=iphoneos*]" = "iPhone Developer";
				COPY_PHASE_STRIP = NO;
				DEBUG_INFORMATION_FORMAT = "dwarf-with-dsym";
				ENABLE_NS_ASSERTIONS = NO;
				ENABLE_STRICT_OBJC_MSGSEND = YES;
				GCC_C_LANGUAGE_STANDARD = gnu99;
				GCC_NO_COMMON_BLOCKS = YES;
				GCC_WARN_64_TO_32_BIT_CONVERSION = YES;
				GCC_WARN_ABOUT_RETURN_TYPE = YES_ERROR;
				GCC_WARN_UNDECLARED_SELECTOR = YES;
				GCC_WARN_UNINITIALIZED_AUTOS = YES_AGGRESSIVE;
				GCC_WARN_UNUSED_FUNCTION = YES;
				GCC_WARN_UNUSED_VARIABLE = YES;
				IPHONEOS_DEPLOYMENT_TARGET = 8.3;
				MTL_ENABLE_DEBUG_INFO = NO;
				SDKROOT = iphoneos;
				VALIDATE_PRODUCT = YES;
			};
			name = Release;
		};
		5D77257A1AF8BC6400634F6E /* Debug */ = {
			isa = XCBuildConfiguration;
			buildSettings = {
				ASSETCATALOG_COMPILER_APPICON_NAME = AppIcon;
				INFOPLIST_FILE = DeepIntoMemory/Info.plist;
				LD_RUNPATH_SEARCH_PATHS = "$(inherited) @executable_path/Frameworks";
				PRODUCT_NAME = "$(TARGET_NAME)";
			};
			name = Debug;
		};
		5D77257B1AF8BC6400634F6E /* Release */ = {
			isa = XCBuildConfiguration;
			buildSettings = {
				ASSETCATALOG_COMPILER_APPICON_NAME = AppIcon;
				INFOPLIST_FILE = DeepIntoMemory/Info.plist;
				LD_RUNPATH_SEARCH_PATHS = "$(inherited) @executable_path/Frameworks";
				PRODUCT_NAME = "$(TARGET_NAME)";
			};
			name = Release;
		};
		5D77257D1AF8BC6400634F6E /* Debug */ = {
			isa = XCBuildConfiguration;
			buildSettings = {
				BUNDLE_LOADER = "$(TEST_HOST)";
				FRAMEWORK_SEARCH_PATHS = (
					"$(SDKROOT)/Developer/Library/Frameworks",
					"$(inherited)",
				);
				GCC_PREPROCESSOR_DEFINITIONS = (
					"DEBUG=1",
					"$(inherited)",
				);
				INFOPLIST_FILE = DeepIntoMemoryTests/Info.plist;
				LD_RUNPATH_SEARCH_PATHS = "$(inherited) @executable_path/Frameworks @loader_path/Frameworks";
				PRODUCT_NAME = "$(TARGET_NAME)";
				TEST_HOST = "$(BUILT_PRODUCTS_DIR)/DeepIntoMemory.app/DeepIntoMemory";
			};
			name = Debug;
		};
		5D77257E1AF8BC6400634F6E /* Release */ = {
			isa = XCBuildConfiguration;
			buildSettings = {
				BUNDLE_LOADER = "$(TEST_HOST)";
				FRAMEWORK_SEARCH_PATHS = (
					"$(SDKROOT)/Developer/Library/Frameworks",
					"$(inherited)",
				);
				INFOPLIST_FILE = DeepIntoMemoryTests/Info.plist;
				LD_RUNPATH_SEARCH_PATHS = "$(inherited) @executable_path/Frameworks @loader_path/Frameworks";
				PRODUCT_NAME = "$(TARGET_NAME)";
				TEST_HOST = "$(BUILT_PRODUCTS_DIR)/DeepIntoMemory.app/DeepIntoMemory";
			};
			name = Release;
		};
/* End XCBuildConfiguration section */

/* Begin XCConfigurationList section */
		5D7725511AF8BC6400634F6E /* Build configuration list for PBXProject "DeepIntoMemory" */ = {
			isa = XCConfigurationList;
			buildConfigurations = (
				5D7725771AF8BC6400634F6E /* Debug */,
				5D7725781AF8BC6400634F6E /* Release */,
			);
			defaultConfigurationIsVisible = 0;
			defaultConfigurationName = Release;
		};
		5D7725791AF8BC6400634F6E /* Build configuration list for PBXNativeTarget "DeepIntoMemory" */ = {
			isa = XCConfigurationList;
			buildConfigurations = (
				5D77257A1AF8BC6400634F6E /* Debug */,
				5D77257B1AF8BC6400634F6E /* Release */,
			);
			defaultConfigurationIsVisible = 0;
		};
		5D77257C1AF8BC6400634F6E /* Build configuration list for PBXNativeTarget "DeepIntoMemoryTests" */ = {
			isa = XCConfigurationList;
			buildConfigurations = (
				5D77257D1AF8BC6400634F6E /* Debug */,
				5D77257E1AF8BC6400634F6E /* Release */,
			);
			defaultConfigurationIsVisible = 0;
		};
/* End XCConfigurationList section */
	};
	rootObject = 5D77254E1AF8BC6400634F6E /* Project object */;
}
